// !$*UTF8*$!
{
	archiveVersion = 1;
	classes = {
	};
	objectVersion = 50;
	objects = {

/* Begin PBXBuildFile section */
		DA91D176221782360050CAF3 /* Entity.swift in Sources */ = {isa = PBXBuildFile; fileRef = DA91D175221782360050CAF3 /* Entity.swift */; };
		DA91D178221784B60050CAF3 /* HRColorCursor.swift in Sources */ = {isa = PBXBuildFile; fileRef = DA91D177221784B60050CAF3 /* HRColorCursor.swift */; };
		DA91D17A22178B280050CAF3 /* HRColorPicker.swift in Sources */ = {isa = PBXBuildFile; fileRef = DA91D17922178B280050CAF3 /* HRColorPicker.swift */; };
		DA91D17C2217AEF20050CAF3 /* HRBrightnessSlider.swift in Sources */ = {isa = PBXBuildFile; fileRef = DA91D17B2217AEF20050CAF3 /* HRBrightnessSlider.swift */; };
		DAAC59DD22171B1100B8978E /* AppDelegate.swift in Sources */ = {isa = PBXBuildFile; fileRef = DAAC59DC22171B1100B8978E /* AppDelegate.swift */; };
		DAAC59DF22171B1100B8978E /* ViewController.swift in Sources */ = {isa = PBXBuildFile; fileRef = DAAC59DE22171B1100B8978E /* ViewController.swift */; };
		DAAC59E222171B1100B8978E /* Main.storyboard in Resources */ = {isa = PBXBuildFile; fileRef = DAAC59E022171B1100B8978E /* Main.storyboard */; };
		DAAC59E422171B1300B8978E /* Assets.xcassets in Resources */ = {isa = PBXBuildFile; fileRef = DAAC59E322171B1300B8978E /* Assets.xcassets */; };
		DAAC59E722171B1300B8978E /* LaunchScreen.storyboard in Resources */ = {isa = PBXBuildFile; fileRef = DAAC59E522171B1300B8978E /* LaunchScreen.storyboard */; };
		DAAC59EF22171B4600B8978E /* ColorMapView.swift in Sources */ = {isa = PBXBuildFile; fileRef = DAAC59EE22171B4600B8978E /* ColorMapView.swift */; };
/* End PBXBuildFile section */

/* Begin PBXFileReference section */
		DA91D175221782360050CAF3 /* Entity.swift */ = {isa = PBXFileReference; lastKnownFileType = sourcecode.swift; path = Entity.swift; sourceTree = "<group>"; };
		DA91D177221784B60050CAF3 /* HRColorCursor.swift */ = {isa = PBXFileReference; lastKnownFileType = sourcecode.swift; path = HRColorCursor.swift; sourceTree = "<group>"; };
		DA91D17922178B280050CAF3 /* HRColorPicker.swift */ = {isa = PBXFileReference; lastKnownFileType = sourcecode.swift; path = HRColorPicker.swift; sourceTree = "<group>"; };
		DA91D17B2217AEF20050CAF3 /* HRBrightnessSlider.swift */ = {isa = PBXFileReference; lastKnownFileType = sourcecode.swift; path = HRBrightnessSlider.swift; sourceTree = "<group>"; };
		DAAC59D922171B1100B8978E /* ColorPicker3.app */ = {isa = PBXFileReference; explicitFileType = wrapper.application; includeInIndex = 0; path = ColorPicker3.app; sourceTree = BUILT_PRODUCTS_DIR; };
		DAAC59DC22171B1100B8978E /* AppDelegate.swift */ = {isa = PBXFileReference; lastKnownFileType = sourcecode.swift; path = AppDelegate.swift; sourceTree = "<group>"; };
		DAAC59DE22171B1100B8978E /* ViewController.swift */ = {isa = PBXFileReference; lastKnownFileType = sourcecode.swift; path = ViewController.swift; sourceTree = "<group>"; };
		DAAC59E122171B1100B8978E /* Base */ = {isa = PBXFileReference; lastKnownFileType = file.storyboard; name = Base; path = Base.lproj/Main.storyboard; sourceTree = "<group>"; };
		DAAC59E322171B1300B8978E /* Assets.xcassets */ = {isa = PBXFileReference; lastKnownFileType = folder.assetcatalog; path = Assets.xcassets; sourceTree = "<group>"; };
		DAAC59E622171B1300B8978E /* Base */ = {isa = PBXFileReference; lastKnownFileType = file.storyboard; name = Base; path = Base.lproj/LaunchScreen.storyboard; sourceTree = "<group>"; };
		DAAC59E822171B1300B8978E /* Info.plist */ = {isa = PBXFileReference; lastKnownFileType = text.plist.xml; path = Info.plist; sourceTree = "<group>"; };
		DAAC59EE22171B4600B8978E /* ColorMapView.swift */ = {isa = PBXFileReference; lastKnownFileType = sourcecode.swift; path = ColorMapView.swift; sourceTree = "<group>"; };
/* End PBXFileReference section */

/* Begin PBXFrameworksBuildPhase section */
		DAAC59D622171B1100B8978E /* Frameworks */ = {
			isa = PBXFrameworksBuildPhase;
			buildActionMask = 2147483647;
			files = (
			);
			runOnlyForDeploymentPostprocessing = 0;
		};
/* End PBXFrameworksBuildPhase section */

/* Begin PBXGroup section */
		DAAC59D022171B1100B8978E = {
			isa = PBXGroup;
			children = (
				DAAC59DB22171B1100B8978E /* ColorPicker3 */,
				DAAC59DA22171B1100B8978E /* Products */,
			);
			sourceTree = "<group>";
		};
		DAAC59DA22171B1100B8978E /* Products */ = {
			isa = PBXGroup;
			children = (
				DAAC59D922171B1100B8978E /* ColorPicker3.app */,
			);
			name = Products;
			sourceTree = "<group>";
		};
		DAAC59DB22171B1100B8978E /* ColorPicker3 */ = {
			isa = PBXGroup;
			children = (
				DAAC59DC22171B1100B8978E /* AppDelegate.swift */,
				DAAC59DE22171B1100B8978E /* ViewController.swift */,
				DAAC59E022171B1100B8978E /* Main.storyboard */,
				DAAC59E322171B1300B8978E /* Assets.xcassets */,
				DAAC59E522171B1300B8978E /* LaunchScreen.storyboard */,
				DAAC59E822171B1300B8978E /* Info.plist */,
				DAAC59EE22171B4600B8978E /* ColorMapView.swift */,
				DA91D175221782360050CAF3 /* Entity.swift */,
				DA91D177221784B60050CAF3 /* HRColorCursor.swift */,
				DA91D17922178B280050CAF3 /* HRColorPicker.swift */,
				DA91D17B2217AEF20050CAF3 /* HRBrightnessSlider.swift */,
			);
			path = ColorPicker3;
			sourceTree = "<group>";
		};
/* End PBXGroup section */

/* Begin PBXNativeTarget section */
		DAAC59D822171B1100B8978E /* ColorPicker3 */ = {
			isa = PBXNativeTarget;
			buildConfigurationList = DAAC59EB22171B1300B8978E /* Build configuration list for PBXNativeTarget "ColorPicker3" */;
			buildPhases = (
				DAAC59D522171B1100B8978E /* Sources */,
				DAAC59D622171B1100B8978E /* Frameworks */,
				DAAC59D722171B1100B8978E /* Resources */,
			);
			buildRules = (
			);
			dependencies = (
			);
			name = ColorPicker3;
			productName = ColorPicker3;
			productReference = DAAC59D922171B1100B8978E /* ColorPicker3.app */;
			productType = "com.apple.product-type.application";
		};
/* End PBXNativeTarget section */

/* Begin PBXProject section */
		DAAC59D122171B1100B8978E /* Project object */ = {
			isa = PBXProject;
			attributes = {
				LastSwiftUpdateCheck = 1010;
				LastUpgradeCheck = 1010;
				ORGANIZATIONNAME = "Hayashi Ryota";
				TargetAttributes = {
					DAAC59D822171B1100B8978E = {
						CreatedOnToolsVersion = 10.1;
					};
				};
			};
			buildConfigurationList = DAAC59D422171B1100B8978E /* Build configuration list for PBXProject "ColorPicker3" */;
			compatibilityVersion = "Xcode 9.3";
			developmentRegion = en;
			hasScannedForEncodings = 0;
			knownRegions = (
				en,
				Base,
			);
			mainGroup = DAAC59D022171B1100B8978E;
			productRefGroup = DAAC59DA22171B1100B8978E /* Products */;
			projectDirPath = "";
			projectRoot = "";
			targets = (
				DAAC59D822171B1100B8978E /* ColorPicker3 */,
			);
		};
/* End PBXProject section */

/* Begin PBXResourcesBuildPhase section */
		DAAC59D722171B1100B8978E /* Resources */ = {
			isa = PBXResourcesBuildPhase;
			buildActionMask = 2147483647;
			files = (
				DAAC59E722171B1300B8978E /* LaunchScreen.storyboard in Resources */,
				DAAC59E422171B1300B8978E /* Assets.xcassets in Resources */,
				DAAC59E222171B1100B8978E /* Main.storyboard in Resources */,
			);
			runOnlyForDeploymentPostprocessing = 0;
		};
/* End PBXResourcesBuildPhase section */

/* Begin PBXSourcesBuildPhase section */
		DAAC59D522171B1100B8978E /* Sources */ = {
			isa = PBXSourcesBuildPhase;
			buildActionMask = 2147483647;
			files = (
				DA91D17C2217AEF20050CAF3 /* HRBrightnessSlider.swift in Sources */,
				DA91D176221782360050CAF3 /* Entity.swift in Sources */,
				DA91D178221784B60050CAF3 /* HRColorCursor.swift in Sources */,
				DAAC59EF22171B4600B8978E /* ColorMapView.swift in Sources */,
				DAAC59DF22171B1100B8978E /* ViewController.swift in Sources */,
				DAAC59DD22171B1100B8978E /* AppDelegate.swift in Sources */,
				DA91D17A22178B280050CAF3 /* HRColorPicker.swift in Sources */,
			);
			runOnlyForDeploymentPostprocessing = 0;
		};
/* End PBXSourcesBuildPhase section */

/* Begin PBXVariantGroup section */
		DAAC59E022171B1100B8978E /* Main.storyboard */ = {
			isa = PBXVariantGroup;
			children = (
				DAAC59E122171B1100B8978E /* Base */,
			);
			name = Main.storyboard;
			sourceTree = "<group>";
		};
		DAAC59E522171B1300B8978E /* LaunchScreen.storyboard */ = {
			isa = PBXVariantGroup;
			children = (
				DAAC59E622171B1300B8978E /* Base */,
			);
			name = LaunchScreen.storyboard;
			sourceTree = "<group>";
		};
/* End PBXVariantGroup section */

/* Begin XCBuildConfiguration section */
		DAAC59E922171B1300B8978E /* Debug */ = {
			isa = XCBuildConfiguration;
			buildSettings = {
				ALWAYS_SEARCH_USER_PATHS = NO;
				CLANG_ANALYZER_NONNULL = YES;
				CLANG_ANALYZER_NUMBER_OBJECT_CONVERSION = YES_AGGRESSIVE;
				CLANG_CXX_LANGUAGE_STANDARD = "gnu++14";
				CLANG_CXX_LIBRARY = "libc++";
				CLANG_ENABLE_MODULES = YES;
				CLANG_ENABLE_OBJC_ARC = YES;
				CLANG_ENABLE_OBJC_WEAK = YES;
				CLANG_WARN_BLOCK_CAPTURE_AUTORELEASING = YES;
				CLANG_WARN_BOOL_CONVERSION = YES;
				CLANG_WARN_COMMA = YES;
				CLANG_WARN_CONSTANT_CONVERSION = YES;
				CLANG_WARN_DEPRECATED_OBJC_IMPLEMENTATIONS = YES;
				CLANG_WARN_DIRECT_OBJC_ISA_USAGE = YES_ERROR;
				CLANG_WARN_DOCUMENTATION_COMMENTS = YES;
				CLANG_WARN_EMPTY_BODY = YES;
				CLANG_WARN_ENUM_CONVERSION = YES;
				CLANG_WARN_INFINITE_RECURSION = YES;
				CLANG_WARN_INT_CONVERSION = YES;
				CLANG_WARN_NON_LITERAL_NULL_CONVERSION = YES;
				CLANG_WARN_OBJC_IMPLICIT_RETAIN_SELF = YES;
				CLANG_WARN_OBJC_LITERAL_CONVERSION = YES;
				CLANG_WARN_OBJC_ROOT_CLASS = YES_ERROR;
				CLANG_WARN_RANGE_LOOP_ANALYSIS = YES;
				CLANG_WARN_STRICT_PROTOTYPES = YES;
				CLANG_WARN_SUSPICIOUS_MOVE = YES;
				CLANG_WARN_UNGUARDED_AVAILABILITY = YES_AGGRESSIVE;
				CLANG_WARN_UNREACHABLE_CODE = YES;
				CLANG_WARN__DUPLICATE_METHOD_MATCH = YES;
				CODE_SIGN_IDENTITY = "iPhone Developer";
				COPY_PHASE_STRIP = NO;
				DEBUG_INFORMATION_FORMAT = dwarf;
				ENABLE_STRICT_OBJC_MSGSEND = YES;
				ENABLE_TESTABILITY = YES;
				GCC_C_LANGUAGE_STANDARD = gnu11;
				GCC_DYNAMIC_NO_PIC = NO;
				GCC_NO_COMMON_BLOCKS = YES;
				GCC_OPTIMIZATION_LEVEL = 0;
				GCC_PREPROCESSOR_DEFINITIONS = (
					"DEBUG=1",
					"$(inherited)",
				);
				GCC_WARN_64_TO_32_BIT_CONVERSION = YES;
				GCC_WARN_ABOUT_RETURN_TYPE = YES_ERROR;
				GCC_WARN_UNDECLARED_SELECTOR = YES;
				GCC_WARN_UNINITIALIZED_AUTOS = YES_AGGRESSIVE;
				GCC_WARN_UNUSED_FUNCTION = YES;
				GCC_WARN_UNUSED_VARIABLE = YES;
				IPHONEOS_DEPLOYMENT_TARGET = 12.1;
				MTL_ENABLE_DEBUG_INFO = INCLUDE_SOURCE;
				MTL_FAST_MATH = YES;
				ONLY_ACTIVE_ARCH = YES;
				SDKROOT = iphoneos;
				SWIFT_ACTIVE_COMPILATION_CONDITIONS = DEBUG;
				SWIFT_OPTIMIZATION_LEVEL = "-Onone";
			};
			name = Debug;
		};
		DAAC59EA22171B1300B8978E /* Release */ = {
			isa = XCBuildConfiguration;
			buildSettings = {
				ALWAYS_SEARCH_USER_PATHS = NO;
				CLANG_ANALYZER_NONNULL = YES;
				CLANG_ANALYZER_NUMBER_OBJECT_CONVERSION = YES_AGGRESSIVE;
				CLANG_CXX_LANGUAGE_STANDARD = "gnu++14";
				CLANG_CXX_LIBRARY = "libc++";
				CLANG_ENABLE_MODULES = YES;
				CLANG_ENABLE_OBJC_ARC = YES;
				CLANG_ENABLE_OBJC_WEAK = YES;
				CLANG_WARN_BLOCK_CAPTURE_AUTORELEASING = YES;
				CLANG_WARN_BOOL_CONVERSION = YES;
				CLANG_WARN_COMMA = YES;
				CLANG_WARN_CONSTANT_CONVERSION = YES;
				CLANG_WARN_DEPRECATED_OBJC_IMPLEMENTATIONS = YES;
				CLANG_WARN_DIRECT_OBJC_ISA_USAGE = YES_ERROR;
				CLANG_WARN_DOCUMENTATION_COMMENTS = YES;
				CLANG_WARN_EMPTY_BODY = YES;
				CLANG_WARN_ENUM_CONVERSION = YES;
				CLANG_WARN_INFINITE_RECURSION = YES;
				CLANG_WARN_INT_CONVERSION = YES;
				CLANG_WARN_NON_LITERAL_NULL_CONVERSION = YES;
				CLANG_WARN_OBJC_IMPLICIT_RETAIN_SELF = YES;
				CLANG_WARN_OBJC_LITERAL_CONVERSION = YES;
				CLANG_WARN_OBJC_ROOT_CLASS = YES_ERROR;
				CLANG_WARN_RANGE_LOOP_ANALYSIS = YES;
				CLANG_WARN_STRICT_PROTOTYPES = YES;
				CLANG_WARN_SUSPICIOUS_MOVE = YES;
				CLANG_WARN_UNGUARDED_AVAILABILITY = YES_AGGRESSIVE;
				CLANG_WARN_UNREACHABLE_CODE = YES;
				CLANG_WARN__DUPLICATE_METHOD_MATCH = YES;
				CODE_SIGN_IDENTITY = "iPhone Developer";
				COPY_PHASE_STRIP = NO;
				DEBUG_INFORMATION_FORMAT = "dwarf-with-dsym";
				ENABLE_NS_ASSERTIONS = NO;
				ENABLE_STRICT_OBJC_MSGSEND = YES;
				GCC_C_LANGUAGE_STANDARD = gnu11;
				GCC_NO_COMMON_BLOCKS = YES;
				GCC_WARN_64_TO_32_BIT_CONVERSION = YES;
				GCC_WARN_ABOUT_RETURN_TYPE = YES_ERROR;
				GCC_WARN_UNDECLARED_SELECTOR = YES;
				GCC_WARN_UNINITIALIZED_AUTOS = YES_AGGRESSIVE;
				GCC_WARN_UNUSED_FUNCTION = YES;
				GCC_WARN_UNUSED_VARIABLE = YES;
				IPHONEOS_DEPLOYMENT_TARGET = 12.1;
				MTL_ENABLE_DEBUG_INFO = NO;
				MTL_FAST_MATH = YES;
				SDKROOT = iphoneos;
				SWIFT_COMPILATION_MODE = wholemodule;
				SWIFT_OPTIMIZATION_LEVEL = "-O";
				VALIDATE_PRODUCT = YES;
			};
			name = Release;
		};
		DAAC59EC22171B1300B8978E /* Debug */ = {
			isa = XCBuildConfiguration;
			buildSettings = {
				ASSETCATALOG_COMPILER_APPICON_NAME = AppIcon;
				CODE_SIGN_STYLE = Automatic;
				DEVELOPMENT_TEAM = 83YN44766U;
				INFOPLIST_FILE = ColorPicker3/Info.plist;
				LD_RUNPATH_SEARCH_PATHS = (
					"$(inherited)",
					"@executable_path/Frameworks",
				);
				PRODUCT_BUNDLE_IDENTIFIER = com.hayashi311.ColorPicker3;
				PRODUCT_NAME = "$(TARGET_NAME)";
				SWIFT_VERSION = 4.2;
				TARGETED_DEVICE_FAMILY = "1,2";
			};
			name = Debug;
		};
		DAAC59ED22171B1300B8978E /* Release */ = {
			isa = XCBuildConfiguration;
			buildSettings = {
				ASSETCATALOG_COMPILER_APPICON_NAME = AppIcon;
				CODE_SIGN_STYLE = Automatic;
				DEVELOPMENT_TEAM = 83YN44766U;
				INFOPLIST_FILE = ColorPicker3/Info.plist;
				LD_RUNPATH_SEARCH_PATHS = (
					"$(inherited)",
					"@executable_path/Frameworks",
				);
				PRODUCT_BUNDLE_IDENTIFIER = com.hayashi311.ColorPicker3;
				PRODUCT_NAME = "$(TARGET_NAME)";
				SWIFT_VERSION = 4.2;
				TARGETED_DEVICE_FAMILY = "1,2";
			};
			name = Release;
		};
/* End XCBuildConfiguration section */

/* Begin XCConfigurationList section */
		DAAC59D422171B1100B8978E /* Build configuration list for PBXProject "ColorPicker3" */ = {
			isa = XCConfigurationList;
			buildConfigurations = (
				DAAC59E922171B1300B8978E /* Debug */,
				DAAC59EA22171B1300B8978E /* Release */,
			);
			defaultConfigurationIsVisible = 0;
			defaultConfigurationName = Release;
		};
		DAAC59EB22171B1300B8978E /* Build configuration list for PBXNativeTarget "ColorPicker3" */ = {
			isa = XCConfigurationList;
			buildConfigurations = (
				DAAC59EC22171B1300B8978E /* Debug */,
				DAAC59ED22171B1300B8978E /* Release */,
			);
			defaultConfigurationIsVisible = 0;
			defaultConfigurationName = Release;
		};
/* End XCConfigurationList section */
	};
	rootObject = DAAC59D122171B1100B8978E /* Project object */;
}
